{
  "requires": true,
  "lockfileVersion": 1,
  "dependencies": {
    "leetcode-class": {
      "version": "1.2.1",
      "resolved": "https://registry.npmjs.org/leetcode-class/-/leetcode-class-1.2.1.tgz",
      "integrity": "sha512-Vwd5A8E93ztnY9NNU0LXUzwlr0vWFYkBdG26NGSZcOKlzt2U4eNPmncRZu4vHSb6P4B1VshGAD6omsncZc6haQ==",
      "dev": true
    }
  }
}
